
Microsoft Visual Studio Solution File, Format Version 12.00
# Visual Studio 15
VisualStudioVersion = 15.0.28307.539
MinimumVisualStudioVersion = 10.0.40219.1
Project("{9A19103F-16F7-4668-BE54-9A1E7A4F7556}") = "BethanysPieShop", "BethanysPieShop\BethanysPieShop.csproj", "{BAE83659-29BE-419C-9279-9DFE46D93352}"
EndProject
Project("{9A19103F-16F7-4668-BE54-9A1E7A4F7556}") = "BethanysPieShop.DataSource", "BethanysPieShop.DataSource\BethanysPieShop.DataSource.csproj", "{DC407D84-946D-45EF-A975-2DAD110E4890}"
EndProject
Global
	GlobalSection(SolutionConfigurationPlatforms) = preSolution
		Debug|Any CPU = Debug|Any CPU
		Release|Any CPU = Release|Any CPU
	EndGlobalSection
	GlobalSection(ProjectConfigurationPlatforms) = postSolution
		{BAE83659-29BE-419C-9279-9DFE46D93352}.Debug|Any CPU.ActiveCfg = Debug|Any CPU
		{BAE83659-29BE-419C-9279-9DFE46D93352}.Debug|Any CPU.Build.0 = Debug|Any CPU
		{BAE83659-29BE-419C-9279-9DFE46D93352}.Release|Any CPU.ActiveCfg = Release|Any CPU
		{BAE83659-29BE-419C-9279-9DFE46D93352}.Release|Any CPU.Build.0 = Release|Any CPU
		{DC407D84-946D-45EF-A975-2DAD110E4890}.Debug|Any CPU.ActiveCfg = Debug|Any CPU
		{DC407D84-946D-45EF-A975-2DAD110E4890}.Debug|Any CPU.Build.0 = Debug|Any CPU
		{DC407D84-946D-45EF-A975-2DAD110E4890}.Release|Any CPU.ActiveCfg = Release|Any CPU
		{DC407D84-946D-45EF-A975-2DAD110E4890}.Release|Any CPU.Build.0 = Release|Any CPU
	EndGlobalSection
	GlobalSection(SolutionProperties) = preSolution
		HideSolutionNode = FALSE
	EndGlobalSection
	GlobalSection(ExtensibilityGlobals) = postSolution
		SolutionGuid = {109E6777-FF7F-45FE-9977-CF05946C9924}
	EndGlobalSection
EndGlobal
